// !$*UTF8*$!
{
	archiveVersion = 1;
	classes = {
	};
	objectVersion = 48;
	objects = {

/* Begin PBXBuildFile section */
		2BCEC536232E238E00D55E0D /* wfc.strings in Resources */ = {isa = PBXBuildFile; fileRef = 2BCEC531232E238E00D55E0D /* wfc.strings */; };
		2BCEC537232E238E00D55E0D /* wfc.strings in Resources */ = {isa = PBXBuildFile; fileRef = 2BCEC534232E238E00D55E0D /* wfc.strings */; };
		2BDCE7E1233627450004212B /* PushKit.framework in Frameworks */ = {isa = PBXBuildFile; fileRef = 2BDCE7E0233627450004212B /* PushKit.framework */; };
		2BDCE7E32336278E0004212B /* CallKit.framework in Frameworks */ = {isa = PBXBuildFile; fileRef = 2BDCE7E22336278E0004212B /* CallKit.framework */; };
		2E1D1FFC1FAF0AE600F4405D /* AppDelegate.m in Sources */ = {isa = PBXBuildFile; fileRef = 2E1D1FFB1FAF0AE600F4405D /* AppDelegate.m */; };
		2E1D20021FAF0AE600F4405D /* Main.storyboard in Resources */ = {isa = PBXBuildFile; fileRef = 2E1D20001FAF0AE600F4405D /* Main.storyboard */; };
		2E1D20041FAF0AE600F4405D /* Assets.xcassets in Resources */ = {isa = PBXBuildFile; fileRef = 2E1D20031FAF0AE600F4405D /* Assets.xcassets */; };
		2E1D20071FAF0AE600F4405D /* LaunchScreen.storyboard in Resources */ = {isa = PBXBuildFile; fileRef = 2E1D20051FAF0AE600F4405D /* LaunchScreen.storyboard */; };
		2E1D200A1FAF0AE600F4405D /* main.m in Sources */ = {isa = PBXBuildFile; fileRef = 2E1D20091FAF0AE600F4405D /* main.m */; };
		2E1D20B01FAF125D00F4405D /* WFCBaseTabBarController.m in Sources */ = {isa = PBXBuildFile; fileRef = 2E1D20AF1FAF125D00F4405D /* WFCBaseTabBarController.m */; };
		2E1D20D41FAF127100F4405D /* WFCConfig.m in Sources */ = {isa = PBXBuildFile; fileRef = 2E1D20B11FAF127100F4405D /* WFCConfig.m */; };
		2E1D20D91FAF127100F4405D /* DiscoverViewController.m in Sources */ = {isa = PBXBuildFile; fileRef = 2E1D20BE1FAF127100F4405D /* DiscoverViewController.m */; };
		2E56F6CA20AAEBA00063B4D6 /* WFAVEngineKit.framework in Frameworks */ = {isa = PBXBuildFile; fileRef = 2E56F6C820AAEB9F0063B4D6 /* WFAVEngineKit.framework */; };
		2E56F6CB20AAEBA00063B4D6 /* WFChatClient.framework in Frameworks */ = {isa = PBXBuildFile; fileRef = 2E56F6C920AAEB9F0063B4D6 /* WFChatClient.framework */; };
		2F143A70217F7DA900B3E38A /* Emoj.plist in Resources */ = {isa = PBXBuildFile; fileRef = 2F143A6D217F7DA900B3E38A /* Emoj.plist */; };
		2F143A72217F7DA900B3E38A /* Stickers.bundle in Resources */ = {isa = PBXBuildFile; fileRef = 2F143A6F217F7DA900B3E38A /* Stickers.bundle */; };
		2F143A81217F86BA00B3E38A /* WFChatUIKit.xcassets in Resources */ = {isa = PBXBuildFile; fileRef = 2F143A80217F86B900B3E38A /* WFChatUIKit.xcassets */; };
		2F143A84217F876C00B3E38A /* WFChatUIKit.framework in Embed Frameworks */ = {isa = PBXBuildFile; fileRef = 2F550E28217F58AE00F56C26 /* WFChatUIKit.framework */; settings = {ATTRIBUTES = (CodeSignOnCopy, RemoveHeadersOnCopy, ); }; };
		2F1B0DCF21E19AF400139CB1 /* UserNotificationsUI.framework in Frameworks */ = {isa = PBXBuildFile; fileRef = 2F1B0DCC21E19AF400139CB1 /* UserNotificationsUI.framework */; settings = {ATTRIBUTES = (Weak, ); }; };
		2F1B0DD021E19AF400139CB1 /* NotificationCenter.framework in Frameworks */ = {isa = PBXBuildFile; fileRef = 2F1B0DCD21E19AF400139CB1 /* NotificationCenter.framework */; };
		2F1B0DD121E19AF400139CB1 /* UserNotifications.framework in Frameworks */ = {isa = PBXBuildFile; fileRef = 2F1B0DCE21E19AF400139CB1 /* UserNotifications.framework */; };
		2F1B0DD321E1B38100139CB1 /* ring.caf in Resources */ = {isa = PBXBuildFile; fileRef = 2F1B0DD221E1B38100139CB1 /* ring.caf */; };
		2F1B0DD521E1E29400139CB1 /* AudioToolbox.framework in Frameworks */ = {isa = PBXBuildFile; fileRef = 2F1B0DD421E1E29400139CB1 /* AudioToolbox.framework */; };
		2F1B0DEE21E2161E00139CB1 /* CoreTelephony.framework in Frameworks */ = {isa = PBXBuildFile; fileRef = 2F1B0DED21E2161E00139CB1 /* CoreTelephony.framework */; };
		2F25F747219ECFD100FFABF9 /* WFCUShareMessageView.xib in Resources */ = {isa = PBXBuildFile; fileRef = 2F25F746219ECFD100FFABF9 /* WFCUShareMessageView.xib */; };
		2F518FF3235ED7DD00FA3D58 /* AppService.m in Sources */ = {isa = PBXBuildFile; fileRef = 2F518FF2235ED7DD00FA3D58 /* AppService.m */; };
		2F550E29217F58AE00F56C26 /* WFChatUIKit.framework in Frameworks */ = {isa = PBXBuildFile; fileRef = 2F550E28217F58AE00F56C26 /* WFChatUIKit.framework */; };
		2F623A5022DCBD3E00CB3C65 /* Album.xcassets in Resources */ = {isa = PBXBuildFile; fileRef = 2F623A4F22DCBD3E00CB3C65 /* Album.xcassets */; };
		2F7268F921F7136600E05F9C /* WFCPrivacyViewController.m in Sources */ = {isa = PBXBuildFile; fileRef = 2F7268F821F7136600E05F9C /* WFCPrivacyViewController.m */; };
		2F7268FD21F714C900E05F9C /* UILabel+YBAttributeTextTapAction.m in Sources */ = {isa = PBXBuildFile; fileRef = 2F7268FB21F714C900E05F9C /* UILabel+YBAttributeTextTapAction.m */; };
		2F94FB8B22291577005BD461 /* CodeScan.bundle in Resources */ = {isa = PBXBuildFile; fileRef = 2F94F98622291577005BD461 /* CodeScan.bundle */; };
		2F94FB8C22291577005BD461 /* LBXScanViewController.m in Sources */ = {isa = PBXBuildFile; fileRef = 2F94F98922291577005BD461 /* LBXScanViewController.m */; };
		2F94FB8D22291577005BD461 /* LBXScanViewStyle.m in Sources */ = {isa = PBXBuildFile; fileRef = 2F94F98A22291577005BD461 /* LBXScanViewStyle.m */; };
		2F94FB8E22291577005BD461 /* LBXScanVideoZoomView.m in Sources */ = {isa = PBXBuildFile; fileRef = 2F94F98B22291577005BD461 /* LBXScanVideoZoomView.m */; };
		2F94FB8F22291577005BD461 /* LBXScanLineAnimation.m in Sources */ = {isa = PBXBuildFile; fileRef = 2F94F98C22291577005BD461 /* LBXScanLineAnimation.m */; };
		2F94FB9022291577005BD461 /* LBXScanView.m in Sources */ = {isa = PBXBuildFile; fileRef = 2F94F98D22291577005BD461 /* LBXScanView.m */; };
		2F94FB9122291577005BD461 /* LBXScanNetAnimation.m in Sources */ = {isa = PBXBuildFile; fileRef = 2F94F98F22291577005BD461 /* LBXScanNetAnimation.m */; };
		2F94FB9222291577005BD461 /* LBXScanTypes.m in Sources */ = {isa = PBXBuildFile; fileRef = 2F94F99322291577005BD461 /* LBXScanTypes.m */; };
		2F94FC7222291578005BD461 /* LBXScanNative.m in Sources */ = {isa = PBXBuildFile; fileRef = 2F94FB8A22291577005BD461 /* LBXScanNative.m */; };
		2F94FC9922291813005BD461 /* LBXAlertAction.m in Sources */ = {isa = PBXBuildFile; fileRef = 2F94FC7722291813005BD461 /* LBXAlertAction.m */; };
		2F94FC9A22291813005BD461 /* UIWindow+LBXHierarchy.m in Sources */ = {isa = PBXBuildFile; fileRef = 2F94FC7D22291813005BD461 /* UIWindow+LBXHierarchy.m */; };
		2F94FC9B22291813005BD461 /* UIActionSheet+LBXAlertAction.m in Sources */ = {isa = PBXBuildFile; fileRef = 2F94FC7E22291813005BD461 /* UIActionSheet+LBXAlertAction.m */; };
		2F94FC9C22291813005BD461 /* UIAlertView+LBXAlertAction.m in Sources */ = {isa = PBXBuildFile; fileRef = 2F94FC7F22291813005BD461 /* UIAlertView+LBXAlertAction.m */; };
		2F94FC9D22291813005BD461 /* UIAlertController+supportedInterfaceOrientations.m in Sources */ = {isa = PBXBuildFile; fileRef = 2F94FC8022291813005BD461 /* UIAlertController+supportedInterfaceOrientations.m */; };
		2F94FCA322291813005BD461 /* LBXPermissionSetting.m in Sources */ = {isa = PBXBuildFile; fileRef = 2F94FC8C22291813005BD461 /* LBXPermissionSetting.m */; };
		2F94FCA422291813005BD461 /* LBXPermissionPhotos.m in Sources */ = {isa = PBXBuildFile; fileRef = 2F94FC8D22291813005BD461 /* LBXPermissionPhotos.m */; };
		2F94FCA722291813005BD461 /* LBXPermissionCamera.m in Sources */ = {isa = PBXBuildFile; fileRef = 2F94FC9322291813005BD461 /* LBXPermissionCamera.m */; };
		2F94FCA822291813005BD461 /* LBXPermission.m in Sources */ = {isa = PBXBuildFile; fileRef = 2F94FC9422291813005BD461 /* LBXPermission.m */; };
		2F9E8602222BA6180076B82B /* GroupInfoViewController.m in Sources */ = {isa = PBXBuildFile; fileRef = 2F9E8601222BA6180076B82B /* GroupInfoViewController.m */; };
		2FBF915D232F6A47003521FF /* InfoPlist.strings in Resources */ = {isa = PBXBuildFile; fileRef = 2FBF915F232F6A47003521FF /* InfoPlist.strings */; };
		2FEA5D6A21F4AC8900280B23 /* WFCLoginViewController.m in Sources */ = {isa = PBXBuildFile; fileRef = 2FEA5D6821F4AC8900280B23 /* WFCLoginViewController.m */; };
		2FF07F5921F82E7200A78A62 /* WFCAboutViewController.m in Sources */ = {isa = PBXBuildFile; fileRef = 2FF07F4721F82E7200A78A62 /* WFCAboutViewController.m */; };
		2FF07F5A21F82E7200A78A62 /* WFCSettingTableViewController.m in Sources */ = {isa = PBXBuildFile; fileRef = 2FF07F4921F82E7200A78A62 /* WFCSettingTableViewController.m */; };
		2FF07F5D21F82E7200A78A62 /* WFCMeTableViewCell.m in Sources */ = {isa = PBXBuildFile; fileRef = 2FF07F5121F82E7200A78A62 /* WFCMeTableViewCell.m */; };
		2FF07F5E21F82E7200A78A62 /* WFCMeTableViewController.m in Sources */ = {isa = PBXBuildFile; fileRef = 2FF07F5421F82E7200A78A62 /* WFCMeTableViewController.m */; };
		2FF07F5F21F82E7200A78A62 /* WFCSecurityTableViewController.m in Sources */ = {isa = PBXBuildFile; fileRef = 2FF07F5521F82E7200A78A62 /* WFCSecurityTableViewController.m */; };
		6E616DA020AB3435002CB8BE /* LICENSE.md in Resources */ = {isa = PBXBuildFile; fileRef = 6E616D9B20AB3435002CB8BE /* LICENSE.md */; };
		6E616DA220AB3435002CB8BE /* WebRTC.framework in Frameworks */ = {isa = PBXBuildFile; fileRef = 6E616D9F20AB3435002CB8BE /* WebRTC.framework */; };
		6E616DB520AB3540002CB8BE /* WebRTC.framework in Embed Frameworks */ = {isa = PBXBuildFile; fileRef = 6E616D9F20AB3435002CB8BE /* WebRTC.framework */; settings = {ATTRIBUTES = (CodeSignOnCopy, RemoveHeadersOnCopy, ); }; };
		6E616DB720AB3540002CB8BE /* WFAVEngineKit.framework in Embed Frameworks */ = {isa = PBXBuildFile; fileRef = 2E56F6C820AAEB9F0063B4D6 /* WFAVEngineKit.framework */; settings = {ATTRIBUTES = (CodeSignOnCopy, RemoveHeadersOnCopy, ); }; };
		6E616DB920AB3540002CB8BE /* WFChatClient.framework in Embed Frameworks */ = {isa = PBXBuildFile; fileRef = 2E56F6C920AAEB9F0063B4D6 /* WFChatClient.framework */; settings = {ATTRIBUTES = (CodeSignOnCopy, RemoveHeadersOnCopy, ); }; };
		9051774C2243CD830020A2AC /* SystemConfiguration.framework in Frameworks */ = {isa = PBXBuildFile; fileRef = 9051774B2243CD830020A2AC /* SystemConfiguration.framework */; };
		9051774E2243CD8D0020A2AC /* Security.framework in Frameworks */ = {isa = PBXBuildFile; fileRef = 9051774D2243CD8D0020A2AC /* Security.framework */; };
		905177502243CD9A0020A2AC /* libz.tbd in Frameworks */ = {isa = PBXBuildFile; fileRef = 9051774F2243CD9A0020A2AC /* libz.tbd */; };
		905177522243CDA60020A2AC /* libc++.tbd in Frameworks */ = {isa = PBXBuildFile; fileRef = 905177512243CDA60020A2AC /* libc++.tbd */; };
		905177542243CEA30020A2AC /* Bugly.framework in Frameworks */ = {isa = PBXBuildFile; fileRef = 905177532243CEA30020A2AC /* Bugly.framework */; };
		9085427B2229FF160009713D /* StyleDIY.m in Sources */ = {isa = PBXBuildFile; fileRef = 908542792229FF160009713D /* StyleDIY.m */; };
		9085427E222A00430009713D /* DIYScanViewController.m in Sources */ = {isa = PBXBuildFile; fileRef = 9085427D222A00430009713D /* DIYScanViewController.m */; };
		90854281222A04C80009713D /* QQLBXScanViewController.m in Sources */ = {isa = PBXBuildFile; fileRef = 90854280222A04C80009713D /* QQLBXScanViewController.m */; };
		90854287222A06870009713D /* CreateBarCodeViewController.m in Sources */ = {isa = PBXBuildFile; fileRef = 90854286222A06870009713D /* CreateBarCodeViewController.m */; };
		9085428B222A07280009713D /* UIImageView+CornerRadius.m in Sources */ = {isa = PBXBuildFile; fileRef = 9085428A222A07280009713D /* UIImageView+CornerRadius.m */; };
		909ACDAF2130473100A64FE7 /* ChatroomListViewController.m in Sources */ = {isa = PBXBuildFile; fileRef = 909ACDAE2130473100A64FE7 /* ChatroomListViewController.m */; };
		909ACDB321304CD900A64FE7 /* ChatroomItemCell.m in Sources */ = {isa = PBXBuildFile; fileRef = 909ACDB221304CD900A64FE7 /* ChatroomItemCell.m */; };
		90C1D911208C12A900E923F4 /* foreman.mp4 in Resources */ = {isa = PBXBuildFile; fileRef = 90C1D90F208C12A900E923F4 /* foreman.mp4 */; };
		90C1D912208C12A900E923F4 /* ring.mp3 in Resources */ = {isa = PBXBuildFile; fileRef = 90C1D910208C12A900E923F4 /* ring.mp3 */; };
		90E927F222DFF45F00F168BC /* WFCPrivacyTableViewController.m in Sources */ = {isa = PBXBuildFile; fileRef = 90E927F122DFF45F00F168BC /* WFCPrivacyTableViewController.m */; };
		90FF267E222AB34B0001D8AF /* PCLoginConfirmViewController.m in Sources */ = {isa = PBXBuildFile; fileRef = 90FF267D222AB34B0001D8AF /* PCLoginConfirmViewController.m */; };
/* End PBXBuildFile section */

/* Begin PBXCopyFilesBuildPhase section */
		90C1D90A208C104400E923F4 /* Embed Frameworks */ = {
			isa = PBXCopyFilesBuildPhase;
			buildActionMask = 2147483647;
			dstPath = "";
			dstSubfolderSpec = 10;
			files = (
				2F143A84217F876C00B3E38A /* WFChatUIKit.framework in Embed Frameworks */,
				6E616DB520AB3540002CB8BE /* WebRTC.framework in Embed Frameworks */,
				6E616DB920AB3540002CB8BE /* WFChatClient.framework in Embed Frameworks */,
				6E616DB720AB3540002CB8BE /* WFAVEngineKit.framework in Embed Frameworks */,
			);
			name = "Embed Frameworks";
			runOnlyForDeploymentPostprocessing = 0;
		};
/* End PBXCopyFilesBuildPhase section */

/* Begin PBXFileReference section */
		2BCEC532232E238E00D55E0D /* zh-Hans */ = {isa = PBXFileReference; lastKnownFileType = text.plist.strings; name = "zh-Hans"; path = wfc.strings; sourceTree = "<group>"; };
		2BCEC535232E238E00D55E0D /* en */ = {isa = PBXFileReference; lastKnownFileType = text.plist.strings; name = en; path = wfc.strings; sourceTree = "<group>"; };
		2BDCE7E0233627450004212B /* PushKit.framework */ = {isa = PBXFileReference; lastKnownFileType = wrapper.framework; name = PushKit.framework; path = System/Library/Frameworks/PushKit.framework; sourceTree = SDKROOT; };
		2BDCE7E22336278E0004212B /* CallKit.framework */ = {isa = PBXFileReference; lastKnownFileType = wrapper.framework; name = CallKit.framework; path = System/Library/Frameworks/CallKit.framework; sourceTree = SDKROOT; };
		2E1D1FF71FAF0AE600F4405D /* WildFireChat.app */ = {isa = PBXFileReference; explicitFileType = wrapper.application; includeInIndex = 0; path = WildFireChat.app; sourceTree = BUILT_PRODUCTS_DIR; };
		2E1D1FFA1FAF0AE600F4405D /* AppDelegate.h */ = {isa = PBXFileReference; lastKnownFileType = sourcecode.c.h; path = AppDelegate.h; sourceTree = "<group>"; };
		2E1D1FFB1FAF0AE600F4405D /* AppDelegate.m */ = {isa = PBXFileReference; lastKnownFileType = sourcecode.c.objc; path = AppDelegate.m; sourceTree = "<group>"; };
		2E1D20011FAF0AE600F4405D /* Base */ = {isa = PBXFileReference; lastKnownFileType = file.storyboard; name = Base; path = Base.lproj/Main.storyboard; sourceTree = "<group>"; };
		2E1D20031FAF0AE600F4405D /* Assets.xcassets */ = {isa = PBXFileReference; lastKnownFileType = folder.assetcatalog; path = Assets.xcassets; sourceTree = "<group>"; };
		2E1D20061FAF0AE600F4405D /* Base */ = {isa = PBXFileReference; lastKnownFileType = file.storyboard; name = Base; path = Base.lproj/LaunchScreen.storyboard; sourceTree = "<group>"; };
		2E1D20081FAF0AE600F4405D /* Info.plist */ = {isa = PBXFileReference; lastKnownFileType = text.plist.xml; path = Info.plist; sourceTree = "<group>"; };
		2E1D20091FAF0AE600F4405D /* main.m */ = {isa = PBXFileReference; lastKnownFileType = sourcecode.c.objc; path = main.m; sourceTree = "<group>"; };
		2E1D20AE1FAF125D00F4405D /* WFCBaseTabBarController.h */ = {isa = PBXFileReference; fileEncoding = 4; lastKnownFileType = sourcecode.c.h; path = WFCBaseTabBarController.h; sourceTree = "<group>"; };
		2E1D20AF1FAF125D00F4405D /* WFCBaseTabBarController.m */ = {isa = PBXFileReference; fileEncoding = 4; lastKnownFileType = sourcecode.c.objc; path = WFCBaseTabBarController.m; sourceTree = "<group>"; };
		2E1D20B11FAF127100F4405D /* WFCConfig.m */ = {isa = PBXFileReference; fileEncoding = 4; lastKnownFileType = sourcecode.c.objc; path = WFCConfig.m; sourceTree = "<group>"; };
		2E1D20BB1FAF127100F4405D /* WFCConfig.h */ = {isa = PBXFileReference; fileEncoding = 4; lastKnownFileType = sourcecode.c.h; path = WFCConfig.h; sourceTree = "<group>"; };
		2E1D20BD1FAF127100F4405D /* DiscoverViewController.h */ = {isa = PBXFileReference; fileEncoding = 4; lastKnownFileType = sourcecode.c.h; path = DiscoverViewController.h; sourceTree = "<group>"; };
		2E1D20BE1FAF127100F4405D /* DiscoverViewController.m */ = {isa = PBXFileReference; fileEncoding = 4; lastKnownFileType = sourcecode.c.objc; path = DiscoverViewController.m; sourceTree = "<group>"; };
		2E56F6C820AAEB9F0063B4D6 /* WFAVEngineKit.framework */ = {isa = PBXFileReference; lastKnownFileType = wrapper.framework; name = WFAVEngineKit.framework; path = Frameworks/WFAVEngineKit.framework; sourceTree = SOURCE_ROOT; };
		2E56F6C920AAEB9F0063B4D6 /* WFChatClient.framework */ = {isa = PBXFileReference; lastKnownFileType = wrapper.framework; name = WFChatClient.framework; path = Frameworks/WFChatClient.framework; sourceTree = SOURCE_ROOT; };
		2EF30A58201995630060992B /* WildFireChat.entitlements */ = {isa = PBXFileReference; lastKnownFileType = text.plist.entitlements; path = WildFireChat.entitlements; sourceTree = "<group>"; };
		2F143A02217F5F3700B3E38A /* NSImage+WebCache.h */ = {isa = PBXFileReference; fileEncoding = 4; lastKnownFileType = sourcecode.c.h; path = "NSImage+WebCache.h"; sourceTree = "<group>"; };
		2F143A03217F5F3700B3E38A /* UIImageView+WebCache.h */ = {isa = PBXFileReference; fileEncoding = 4; lastKnownFileType = sourcecode.c.h; path = "UIImageView+WebCache.h"; sourceTree = "<group>"; };
		2F143A04217F5F3700B3E38A /* NSData+ImageContentType.h */ = {isa = PBXFileReference; fileEncoding = 4; lastKnownFileType = sourcecode.c.h; path = "NSData+ImageContentType.h"; sourceTree = "<group>"; };
		2F143A07217F5F3700B3E38A /* SDWebImageDownloaderOperation.h */ = {isa = PBXFileReference; fileEncoding = 4; lastKnownFileType = sourcecode.c.h; path = SDWebImageDownloaderOperation.h; sourceTree = "<group>"; };
		2F143A09217F5F3700B3E38A /* SDImageCache.h */ = {isa = PBXFileReference; fileEncoding = 4; lastKnownFileType = sourcecode.c.h; path = SDImageCache.h; sourceTree = "<group>"; };
		2F143A0A217F5F3700B3E38A /* SDImageCacheConfig.h */ = {isa = PBXFileReference; fileEncoding = 4; lastKnownFileType = sourcecode.c.h; path = SDImageCacheConfig.h; sourceTree = "<group>"; };
		2F143A10217F5F3700B3E38A /* FLAnimatedImage.h */ = {isa = PBXFileReference; fileEncoding = 4; lastKnownFileType = sourcecode.c.h; path = FLAnimatedImage.h; sourceTree = "<group>"; };
		2F143A11217F5F3700B3E38A /* FLAnimatedImageView.h */ = {isa = PBXFileReference; fileEncoding = 4; lastKnownFileType = sourcecode.c.h; path = FLAnimatedImageView.h; sourceTree = "<group>"; };
		2F143A12217F5F3700B3E38A /* FLAnimatedImageView+WebCache.h */ = {isa = PBXFileReference; fileEncoding = 4; lastKnownFileType = sourcecode.c.h; path = "FLAnimatedImageView+WebCache.h"; sourceTree = "<group>"; };
		2F143A15217F5F3700B3E38A /* UIButton+WebCache.h */ = {isa = PBXFileReference; fileEncoding = 4; lastKnownFileType = sourcecode.c.h; path = "UIButton+WebCache.h"; sourceTree = "<group>"; };
		2F143A19217F5F3700B3E38A /* SDWebImage.h */ = {isa = PBXFileReference; fileEncoding = 4; lastKnownFileType = sourcecode.c.h; path = SDWebImage.h; sourceTree = "<group>"; };
		2F143A1A217F5F3700B3E38A /* UIView+WebCache.h */ = {isa = PBXFileReference; fileEncoding = 4; lastKnownFileType = sourcecode.c.h; path = "UIView+WebCache.h"; sourceTree = "<group>"; };
		2F143A1B217F5F3700B3E38A /* UIView+WebCacheOperation.h */ = {isa = PBXFileReference; fileEncoding = 4; lastKnownFileType = sourcecode.c.h; path = "UIView+WebCacheOperation.h"; sourceTree = "<group>"; };
		2F143A1C217F5F3700B3E38A /* MKAnnotationView+WebCache.h */ = {isa = PBXFileReference; fileEncoding = 4; lastKnownFileType = sourcecode.c.h; path = "MKAnnotationView+WebCache.h"; sourceTree = "<group>"; };
		2F143A1D217F5F3700B3E38A /* UIImage+WebP.h */ = {isa = PBXFileReference; fileEncoding = 4; lastKnownFileType = sourcecode.c.h; path = "UIImage+WebP.h"; sourceTree = "<group>"; };
		2F143A1F217F5F3700B3E38A /* UIImageView+HighlightedWebCache.h */ = {isa = PBXFileReference; fileEncoding = 4; lastKnownFileType = sourcecode.c.h; path = "UIImageView+HighlightedWebCache.h"; sourceTree = "<group>"; };
		2F143A21217F5F3700B3E38A /* SDWebImageDecoder.h */ = {isa = PBXFileReference; fileEncoding = 4; lastKnownFileType = sourcecode.c.h; path = SDWebImageDecoder.h; sourceTree = "<group>"; };
		2F143A22217F5F3700B3E38A /* SDWebImageManager.h */ = {isa = PBXFileReference; fileEncoding = 4; lastKnownFileType = sourcecode.c.h; path = SDWebImageManager.h; sourceTree = "<group>"; };
		2F143A25217F5F3700B3E38A /* SDWebImageOperation.h */ = {isa = PBXFileReference; fileEncoding = 4; lastKnownFileType = sourcecode.c.h; path = SDWebImageOperation.h; sourceTree = "<group>"; };
		2F143A27217F5F3700B3E38A /* SDWebImageDownloader.h */ = {isa = PBXFileReference; fileEncoding = 4; lastKnownFileType = sourcecode.c.h; path = SDWebImageDownloader.h; sourceTree = "<group>"; };
		2F143A2B217F5F3700B3E38A /* SDWebImagePrefetcher.h */ = {isa = PBXFileReference; fileEncoding = 4; lastKnownFileType = sourcecode.c.h; path = SDWebImagePrefetcher.h; sourceTree = "<group>"; };
		2F143A2C217F5F3700B3E38A /* SDWebImageCompat.h */ = {isa = PBXFileReference; fileEncoding = 4; lastKnownFileType = sourcecode.c.h; path = SDWebImageCompat.h; sourceTree = "<group>"; };
		2F143A2D217F5F3700B3E38A /* UIImage+MultiFormat.h */ = {isa = PBXFileReference; fileEncoding = 4; lastKnownFileType = sourcecode.c.h; path = "UIImage+MultiFormat.h"; sourceTree = "<group>"; };
		2F143A2F217F5F3700B3E38A /* UIImage+GIF.h */ = {isa = PBXFileReference; fileEncoding = 4; lastKnownFileType = sourcecode.c.h; path = "UIImage+GIF.h"; sourceTree = "<group>"; };
		2F143A47217F607300B3E38A /* AFSecurityPolicy.h */ = {isa = PBXFileReference; fileEncoding = 4; lastKnownFileType = sourcecode.c.h; path = AFSecurityPolicy.h; sourceTree = "<group>"; };
		2F143A48217F607300B3E38A /* AFNetworkReachabilityManager.h */ = {isa = PBXFileReference; fileEncoding = 4; lastKnownFileType = sourcecode.c.h; path = AFNetworkReachabilityManager.h; sourceTree = "<group>"; };
		2F143A49217F607300B3E38A /* AFURLSessionManager.h */ = {isa = PBXFileReference; fileEncoding = 4; lastKnownFileType = sourcecode.c.h; path = AFURLSessionManager.h; sourceTree = "<group>"; };
		2F143A4A217F607300B3E38A /* AFURLRequestSerialization.h */ = {isa = PBXFileReference; fileEncoding = 4; lastKnownFileType = sourcecode.c.h; path = AFURLRequestSerialization.h; sourceTree = "<group>"; };
		2F143A4D217F607300B3E38A /* AFURLResponseSerialization.h */ = {isa = PBXFileReference; fileEncoding = 4; lastKnownFileType = sourcecode.c.h; path = AFURLResponseSerialization.h; sourceTree = "<group>"; };
		2F143A50217F607300B3E38A /* AFNetworking.h */ = {isa = PBXFileReference; fileEncoding = 4; lastKnownFileType = sourcecode.c.h; path = AFNetworking.h; sourceTree = "<group>"; };
		2F143A53217F607300B3E38A /* AFHTTPSessionManager.h */ = {isa = PBXFileReference; fileEncoding = 4; lastKnownFileType = sourcecode.c.h; path = AFHTTPSessionManager.h; sourceTree = "<group>"; };
		2F143A5C217F60B600B3E38A /* MBProgressHUD.h */ = {isa = PBXFileReference; fileEncoding = 4; lastKnownFileType = sourcecode.c.h; path = MBProgressHUD.h; sourceTree = "<group>"; };
		2F143A6D217F7DA900B3E38A /* Emoj.plist */ = {isa = PBXFileReference; fileEncoding = 4; lastKnownFileType = text.plist.xml; name = Emoj.plist; path = Frameworks/Emoj.plist; sourceTree = SOURCE_ROOT; };
		2F143A6F217F7DA900B3E38A /* Stickers.bundle */ = {isa = PBXFileReference; lastKnownFileType = "wrapper.plug-in"; name = Stickers.bundle; path = Frameworks/Stickers.bundle; sourceTree = SOURCE_ROOT; };
		2F143A80217F86B900B3E38A /* WFChatUIKit.xcassets */ = {isa = PBXFileReference; lastKnownFileType = folder.assetcatalog; name = WFChatUIKit.xcassets; path = Frameworks/WFChatUIKit.xcassets; sourceTree = SOURCE_ROOT; };
		2F1B0DCC21E19AF400139CB1 /* UserNotificationsUI.framework */ = {isa = PBXFileReference; lastKnownFileType = wrapper.framework; name = UserNotificationsUI.framework; path = System/Library/Frameworks/UserNotificationsUI.framework; sourceTree = SDKROOT; };
		2F1B0DCD21E19AF400139CB1 /* NotificationCenter.framework */ = {isa = PBXFileReference; lastKnownFileType = wrapper.framework; name = NotificationCenter.framework; path = System/Library/Frameworks/NotificationCenter.framework; sourceTree = SDKROOT; };
		2F1B0DCE21E19AF400139CB1 /* UserNotifications.framework */ = {isa = PBXFileReference; lastKnownFileType = wrapper.framework; name = UserNotifications.framework; path = System/Library/Frameworks/UserNotifications.framework; sourceTree = SDKROOT; };
		2F1B0DD221E1B38100139CB1 /* ring.caf */ = {isa = PBXFileReference; lastKnownFileType = file; path = ring.caf; sourceTree = "<group>"; };
		2F1B0DD421E1E29400139CB1 /* AudioToolbox.framework */ = {isa = PBXFileReference; lastKnownFileType = wrapper.framework; name = AudioToolbox.framework; path = System/Library/Frameworks/AudioToolbox.framework; sourceTree = SDKROOT; };
		2F1B0DED21E2161E00139CB1 /* CoreTelephony.framework */ = {isa = PBXFileReference; lastKnownFileType = wrapper.framework; name = CoreTelephony.framework; path = System/Library/Frameworks/CoreTelephony.framework; sourceTree = SDKROOT; };
		2F25F746219ECFD100FFABF9 /* WFCUShareMessageView.xib */ = {isa = PBXFileReference; fileEncoding = 4; lastKnownFileType = file.xib; name = WFCUShareMessageView.xib; path = Frameworks/WFCUShareMessageView.xib; sourceTree = SOURCE_ROOT; };
		2F518FF1235ED7DD00FA3D58 /* AppService.h */ = {isa = PBXFileReference; lastKnownFileType = sourcecode.c.h; path = AppService.h; sourceTree = "<group>"; };
		2F518FF2235ED7DD00FA3D58 /* AppService.m */ = {isa = PBXFileReference; lastKnownFileType = sourcecode.c.objc; path = AppService.m; sourceTree = "<group>"; };
		2F550E28217F58AE00F56C26 /* WFChatUIKit.framework */ = {isa = PBXFileReference; lastKnownFileType = wrapper.framework; name = WFChatUIKit.framework; path = Frameworks/WFChatUIKit.framework; sourceTree = SOURCE_ROOT; };
		2F623A4F22DCBD3E00CB3C65 /* Album.xcassets */ = {isa = PBXFileReference; lastKnownFileType = folder.assetcatalog; path = Album.xcassets; sourceTree = "<group>"; };
		2F7268F721F7136600E05F9C /* WFCPrivacyViewController.h */ = {isa = PBXFileReference; fileEncoding = 4; lastKnownFileType = sourcecode.c.h; path = WFCPrivacyViewController.h; sourceTree = "<group>"; };
		2F7268F821F7136600E05F9C /* WFCPrivacyViewController.m */ = {isa = PBXFileReference; fileEncoding = 4; lastKnownFileType = sourcecode.c.objc; path = WFCPrivacyViewController.m; sourceTree = "<group>"; };
		2F7268FB21F714C900E05F9C /* UILabel+YBAttributeTextTapAction.m */ = {isa = PBXFileReference; fileEncoding = 4; lastKnownFileType = sourcecode.c.objc; path = "UILabel+YBAttributeTextTapAction.m"; sourceTree = "<group>"; };
		2F7268FC21F714C900E05F9C /* UILabel+YBAttributeTextTapAction.h */ = {isa = PBXFileReference; fileEncoding = 4; lastKnownFileType = sourcecode.c.h; path = "UILabel+YBAttributeTextTapAction.h"; sourceTree = "<group>"; };
		2F78FA0323371E150007C5CE /* WFChat-Prefix-Header.pch */ = {isa = PBXFileReference; lastKnownFileType = sourcecode.c.h; path = "WFChat-Prefix-Header.pch"; sourceTree = "<group>"; };
		2F94F98622291577005BD461 /* CodeScan.bundle */ = {isa = PBXFileReference; lastKnownFileType = "wrapper.plug-in"; path = CodeScan.bundle; sourceTree = "<group>"; };
		2F94F98722291577005BD461 /* LBXScanView.h */ = {isa = PBXFileReference; fileEncoding = 4; lastKnownFileType = sourcecode.c.h; path = LBXScanView.h; sourceTree = "<group>"; };
		2F94F98822291577005BD461 /* LBXScanNetAnimation.h */ = {isa = PBXFileReference; fileEncoding = 4; lastKnownFileType = sourcecode.c.h; path = LBXScanNetAnimation.h; sourceTree = "<group>"; };
		2F94F98922291577005BD461 /* LBXScanViewController.m */ = {isa = PBXFileReference; fileEncoding = 4; lastKnownFileType = sourcecode.c.objc; path = LBXScanViewController.m; sourceTree = "<group>"; };
		2F94F98A22291577005BD461 /* LBXScanViewStyle.m */ = {isa = PBXFileReference; fileEncoding = 4; lastKnownFileType = sourcecode.c.objc; path = LBXScanViewStyle.m; sourceTree = "<group>"; };
		2F94F98B22291577005BD461 /* LBXScanVideoZoomView.m */ = {isa = PBXFileReference; fileEncoding = 4; lastKnownFileType = sourcecode.c.objc; path = LBXScanVideoZoomView.m; sourceTree = "<group>"; };
		2F94F98C22291577005BD461 /* LBXScanLineAnimation.m */ = {isa = PBXFileReference; fileEncoding = 4; lastKnownFileType = sourcecode.c.objc; path = LBXScanLineAnimation.m; sourceTree = "<group>"; };
		2F94F98D22291577005BD461 /* LBXScanView.m */ = {isa = PBXFileReference; fileEncoding = 4; lastKnownFileType = sourcecode.c.objc; path = LBXScanView.m; sourceTree = "<group>"; };
		2F94F98E22291577005BD461 /* LBXScanViewController.h */ = {isa = PBXFileReference; fileEncoding = 4; lastKnownFileType = sourcecode.c.h; path = LBXScanViewController.h; sourceTree = "<group>"; };
		2F94F98F22291577005BD461 /* LBXScanNetAnimation.m */ = {isa = PBXFileReference; fileEncoding = 4; lastKnownFileType = sourcecode.c.objc; path = LBXScanNetAnimation.m; sourceTree = "<group>"; };
		2F94F99022291577005BD461 /* LBXScanLineAnimation.h */ = {isa = PBXFileReference; fileEncoding = 4; lastKnownFileType = sourcecode.c.h; path = LBXScanLineAnimation.h; sourceTree = "<group>"; };
		2F94F99122291577005BD461 /* LBXScanVideoZoomView.h */ = {isa = PBXFileReference; fileEncoding = 4; lastKnownFileType = sourcecode.c.h; path = LBXScanVideoZoomView.h; sourceTree = "<group>"; };
		2F94F99222291577005BD461 /* LBXScanViewStyle.h */ = {isa = PBXFileReference; fileEncoding = 4; lastKnownFileType = sourcecode.c.h; path = LBXScanViewStyle.h; sourceTree = "<group>"; };
		2F94F99322291577005BD461 /* LBXScanTypes.m */ = {isa = PBXFileReference; fileEncoding = 4; lastKnownFileType = sourcecode.c.objc; path = LBXScanTypes.m; sourceTree = "<group>"; };
		2F94FB8722291577005BD461 /* LBXScanTypes.h */ = {isa = PBXFileReference; fileEncoding = 4; lastKnownFileType = sourcecode.c.h; path = LBXScanTypes.h; sourceTree = "<group>"; };
		2F94FB8922291577005BD461 /* LBXScanNative.h */ = {isa = PBXFileReference; fileEncoding = 4; lastKnownFileType = sourcecode.c.h; path = LBXScanNative.h; sourceTree = "<group>"; };
		2F94FB8A22291577005BD461 /* LBXScanNative.m */ = {isa = PBXFileReference; fileEncoding = 4; lastKnownFileType = sourcecode.c.objc; path = LBXScanNative.m; sourceTree = "<group>"; };
		2F94FC7722291813005BD461 /* LBXAlertAction.m */ = {isa = PBXFileReference; fileEncoding = 4; lastKnownFileType = sourcecode.c.objc; path = LBXAlertAction.m; sourceTree = "<group>"; };
		2F94FC7822291813005BD461 /* LBXAlertAction.h */ = {isa = PBXFileReference; fileEncoding = 4; lastKnownFileType = sourcecode.c.h; path = LBXAlertAction.h; sourceTree = "<group>"; };
		2F94FC7A22291813005BD461 /* UIActionSheet+LBXAlertAction.h */ = {isa = PBXFileReference; fileEncoding = 4; lastKnownFileType = sourcecode.c.h; path = "UIActionSheet+LBXAlertAction.h"; sourceTree = "<group>"; };
		2F94FC7B22291813005BD461 /* UIAlertController+supportedInterfaceOrientations.h */ = {isa = PBXFileReference; fileEncoding = 4; lastKnownFileType = sourcecode.c.h; path = "UIAlertController+supportedInterfaceOrientations.h"; sourceTree = "<group>"; };
		2F94FC7C22291813005BD461 /* UIAlertView+LBXAlertAction.h */ = {isa = PBXFileReference; fileEncoding = 4; lastKnownFileType = sourcecode.c.h; path = "UIAlertView+LBXAlertAction.h"; sourceTree = "<group>"; };
		2F94FC7D22291813005BD461 /* UIWindow+LBXHierarchy.m */ = {isa = PBXFileReference; fileEncoding = 4; lastKnownFileType = sourcecode.c.objc; path = "UIWindow+LBXHierarchy.m"; sourceTree = "<group>"; };
		2F94FC7E22291813005BD461 /* UIActionSheet+LBXAlertAction.m */ = {isa = PBXFileReference; fileEncoding = 4; lastKnownFileType = sourcecode.c.objc; path = "UIActionSheet+LBXAlertAction.m"; sourceTree = "<group>"; };
		2F94FC7F22291813005BD461 /* UIAlertView+LBXAlertAction.m */ = {isa = PBXFileReference; fileEncoding = 4; lastKnownFileType = sourcecode.c.objc; path = "UIAlertView+LBXAlertAction.m"; sourceTree = "<group>"; };
		2F94FC8022291813005BD461 /* UIAlertController+supportedInterfaceOrientations.m */ = {isa = PBXFileReference; fileEncoding = 4; lastKnownFileType = sourcecode.c.objc; path = "UIAlertController+supportedInterfaceOrientations.m"; sourceTree = "<group>"; };
		2F94FC8122291813005BD461 /* UIWindow+LBXHierarchy.h */ = {isa = PBXFileReference; fileEncoding = 4; lastKnownFileType = sourcecode.c.h; path = "UIWindow+LBXHierarchy.h"; sourceTree = "<group>"; };
		2F94FC8722291813005BD461 /* LBXPermission.h */ = {isa = PBXFileReference; fileEncoding = 4; lastKnownFileType = sourcecode.c.h; path = LBXPermission.h; sourceTree = "<group>"; };
		2F94FC8822291813005BD461 /* LBXPermissionCamera.h */ = {isa = PBXFileReference; fileEncoding = 4; lastKnownFileType = sourcecode.c.h; path = LBXPermissionCamera.h; sourceTree = "<group>"; };
		2F94FC8C22291813005BD461 /* LBXPermissionSetting.m */ = {isa = PBXFileReference; fileEncoding = 4; lastKnownFileType = sourcecode.c.objc; path = LBXPermissionSetting.m; sourceTree = "<group>"; };
		2F94FC8D22291813005BD461 /* LBXPermissionPhotos.m */ = {isa = PBXFileReference; fileEncoding = 4; lastKnownFileType = sourcecode.c.objc; path = LBXPermissionPhotos.m; sourceTree = "<group>"; };
		2F94FC9322291813005BD461 /* LBXPermissionCamera.m */ = {isa = PBXFileReference; fileEncoding = 4; lastKnownFileType = sourcecode.c.objc; path = LBXPermissionCamera.m; sourceTree = "<group>"; };
		2F94FC9422291813005BD461 /* LBXPermission.m */ = {isa = PBXFileReference; fileEncoding = 4; lastKnownFileType = sourcecode.c.objc; path = LBXPermission.m; sourceTree = "<group>"; };
		2F94FC9522291813005BD461 /* LBXPermissionPhotos.h */ = {isa = PBXFileReference; fileEncoding = 4; lastKnownFileType = sourcecode.c.h; path = LBXPermissionPhotos.h; sourceTree = "<group>"; };
		2F94FC9622291813005BD461 /* LBXPermissionSetting.h */ = {isa = PBXFileReference; fileEncoding = 4; lastKnownFileType = sourcecode.c.h; path = LBXPermissionSetting.h; sourceTree = "<group>"; };
		2F9E8600222BA6180076B82B /* GroupInfoViewController.h */ = {isa = PBXFileReference; lastKnownFileType = sourcecode.c.h; path = GroupInfoViewController.h; sourceTree = "<group>"; };
		2F9E8601222BA6180076B82B /* GroupInfoViewController.m */ = {isa = PBXFileReference; lastKnownFileType = sourcecode.c.objc; path = GroupInfoViewController.m; sourceTree = "<group>"; };
		2FBF915E232F6A47003521FF /* zh-Hans */ = {isa = PBXFileReference; lastKnownFileType = text.plist.strings; name = "zh-Hans"; path = "zh-Hans.lproj/InfoPlist.strings"; sourceTree = "<group>"; };
		2FBF9160232F6A5E003521FF /* en */ = {isa = PBXFileReference; lastKnownFileType = text.plist.strings; name = en; path = en.lproj/InfoPlist.strings; sourceTree = "<group>"; };
		2FEA5D6821F4AC8900280B23 /* WFCLoginViewController.m */ = {isa = PBXFileReference; fileEncoding = 4; lastKnownFileType = sourcecode.c.objc; path = WFCLoginViewController.m; sourceTree = "<group>"; };
		2FEA5D6921F4AC8900280B23 /* WFCLoginViewController.h */ = {isa = PBXFileReference; fileEncoding = 4; lastKnownFileType = sourcecode.c.h; path = WFCLoginViewController.h; sourceTree = "<group>"; };
		2FF07F4721F82E7200A78A62 /* WFCAboutViewController.m */ = {isa = PBXFileReference; fileEncoding = 4; lastKnownFileType = sourcecode.c.objc; path = WFCAboutViewController.m; sourceTree = "<group>"; };
		2FF07F4821F82E7200A78A62 /* WFCMeTableViewCell.h */ = {isa = PBXFileReference; fileEncoding = 4; lastKnownFileType = sourcecode.c.h; path = WFCMeTableViewCell.h; sourceTree = "<group>"; };
		2FF07F4921F82E7200A78A62 /* WFCSettingTableViewController.m */ = {isa = PBXFileReference; fileEncoding = 4; lastKnownFileType = sourcecode.c.objc; path = WFCSettingTableViewController.m; sourceTree = "<group>"; };
		2FF07F4B21F82E7200A78A62 /* WFCMeTableViewController.h */ = {isa = PBXFileReference; fileEncoding = 4; lastKnownFileType = sourcecode.c.h; path = WFCMeTableViewController.h; sourceTree = "<group>"; };
		2FF07F4C21F82E7200A78A62 /* WFCSecurityTableViewController.h */ = {isa = PBXFileReference; fileEncoding = 4; lastKnownFileType = sourcecode.c.h; path = WFCSecurityTableViewController.h; sourceTree = "<group>"; };
		2FF07F5121F82E7200A78A62 /* WFCMeTableViewCell.m */ = {isa = PBXFileReference; fileEncoding = 4; lastKnownFileType = sourcecode.c.objc; path = WFCMeTableViewCell.m; sourceTree = "<group>"; };
		2FF07F5221F82E7200A78A62 /* WFCSettingTableViewController.h */ = {isa = PBXFileReference; fileEncoding = 4; lastKnownFileType = sourcecode.c.h; path = WFCSettingTableViewController.h; sourceTree = "<group>"; };
		2FF07F5321F82E7200A78A62 /* WFCAboutViewController.h */ = {isa = PBXFileReference; fileEncoding = 4; lastKnownFileType = sourcecode.c.h; path = WFCAboutViewController.h; sourceTree = "<group>"; };
		2FF07F5421F82E7200A78A62 /* WFCMeTableViewController.m */ = {isa = PBXFileReference; fileEncoding = 4; lastKnownFileType = sourcecode.c.objc; path = WFCMeTableViewController.m; sourceTree = "<group>"; };
		2FF07F5521F82E7200A78A62 /* WFCSecurityTableViewController.m */ = {isa = PBXFileReference; fileEncoding = 4; lastKnownFileType = sourcecode.c.objc; path = WFCSecurityTableViewController.m; sourceTree = "<group>"; };
		6E616D9B20AB3435002CB8BE /* LICENSE.md */ = {isa = PBXFileReference; fileEncoding = 4; lastKnownFileType = net.daringfireball.markdown; name = LICENSE.md; path = Frameworks/GoogleWebRTC/LICENSE.md; sourceTree = SOURCE_ROOT; };
		6E616D9F20AB3435002CB8BE /* WebRTC.framework */ = {isa = PBXFileReference; lastKnownFileType = wrapper.framework; name = WebRTC.framework; path = Frameworks/GoogleWebRTC/Frameworks/frameworks/WebRTC.framework; sourceTree = SOURCE_ROOT; };
		9051774B2243CD830020A2AC /* SystemConfiguration.framework */ = {isa = PBXFileReference; lastKnownFileType = wrapper.framework; name = SystemConfiguration.framework; path = System/Library/Frameworks/SystemConfiguration.framework; sourceTree = SDKROOT; };
		9051774D2243CD8D0020A2AC /* Security.framework */ = {isa = PBXFileReference; lastKnownFileType = wrapper.framework; name = Security.framework; path = System/Library/Frameworks/Security.framework; sourceTree = SDKROOT; };
		9051774F2243CD9A0020A2AC /* libz.tbd */ = {isa = PBXFileReference; lastKnownFileType = "sourcecode.text-based-dylib-definition"; name = libz.tbd; path = usr/lib/libz.tbd; sourceTree = SDKROOT; };
		905177512243CDA60020A2AC /* libc++.tbd */ = {isa = PBXFileReference; lastKnownFileType = "sourcecode.text-based-dylib-definition"; name = "libc++.tbd"; path = "usr/lib/libc++.tbd"; sourceTree = SDKROOT; };
		905177532243CEA30020A2AC /* Bugly.framework */ = {isa = PBXFileReference; lastKnownFileType = wrapper.framework; name = Bugly.framework; path = WildFireChat/Bugly.framework; sourceTree = SOURCE_ROOT; };
		908542792229FF160009713D /* StyleDIY.m */ = {isa = PBXFileReference; fileEncoding = 4; lastKnownFileType = sourcecode.c.objc; path = StyleDIY.m; sourceTree = "<group>"; };
		9085427A2229FF160009713D /* StyleDIY.h */ = {isa = PBXFileReference; fileEncoding = 4; lastKnownFileType = sourcecode.c.h; path = StyleDIY.h; sourceTree = "<group>"; };
		9085427C222A00430009713D /* DIYScanViewController.h */ = {isa = PBXFileReference; fileEncoding = 4; lastKnownFileType = sourcecode.c.h; path = DIYScanViewController.h; sourceTree = "<group>"; };
		9085427D222A00430009713D /* DIYScanViewController.m */ = {isa = PBXFileReference; fileEncoding = 4; lastKnownFileType = sourcecode.c.objc; path = DIYScanViewController.m; sourceTree = "<group>"; };
		9085427F222A04C80009713D /* QQLBXScanViewController.h */ = {isa = PBXFileReference; fileEncoding = 4; lastKnownFileType = sourcecode.c.h; path = QQLBXScanViewController.h; sourceTree = "<group>"; };
		90854280222A04C80009713D /* QQLBXScanViewController.m */ = {isa = PBXFileReference; fileEncoding = 4; lastKnownFileType = sourcecode.c.objc; path = QQLBXScanViewController.m; sourceTree = "<group>"; };
		90854285222A06860009713D /* CreateBarCodeViewController.h */ = {isa = PBXFileReference; fileEncoding = 4; lastKnownFileType = sourcecode.c.h; path = CreateBarCodeViewController.h; sourceTree = "<group>"; };
		90854286222A06870009713D /* CreateBarCodeViewController.m */ = {isa = PBXFileReference; fileEncoding = 4; lastKnownFileType = sourcecode.c.objc; path = CreateBarCodeViewController.m; sourceTree = "<group>"; };
		90854289222A07280009713D /* UIImageView+CornerRadius.h */ = {isa = PBXFileReference; fileEncoding = 4; lastKnownFileType = sourcecode.c.h; path = "UIImageView+CornerRadius.h"; sourceTree = "<group>"; };
		9085428A222A07280009713D /* UIImageView+CornerRadius.m */ = {isa = PBXFileReference; fileEncoding = 4; lastKnownFileType = sourcecode.c.objc; path = "UIImageView+CornerRadius.m"; sourceTree = "<group>"; };
		909ACDAD2130473100A64FE7 /* ChatroomListViewController.h */ = {isa = PBXFileReference; lastKnownFileType = sourcecode.c.h; path = ChatroomListViewController.h; sourceTree = "<group>"; };
		909ACDAE2130473100A64FE7 /* ChatroomListViewController.m */ = {isa = PBXFileReference; lastKnownFileType = sourcecode.c.objc; path = ChatroomListViewController.m; sourceTree = "<group>"; };
		909ACDB121304CD900A64FE7 /* ChatroomItemCell.h */ = {isa = PBXFileReference; lastKnownFileType = sourcecode.c.h; path = ChatroomItemCell.h; sourceTree = "<group>"; };
		909ACDB221304CD900A64FE7 /* ChatroomItemCell.m */ = {isa = PBXFileReference; lastKnownFileType = sourcecode.c.objc; path = ChatroomItemCell.m; sourceTree = "<group>"; };
		90C1D90F208C12A900E923F4 /* foreman.mp4 */ = {isa = PBXFileReference; lastKnownFileType = file; path = foreman.mp4; sourceTree = "<group>"; };
		90C1D910208C12A900E923F4 /* ring.mp3 */ = {isa = PBXFileReference; lastKnownFileType = audio.mp3; path = ring.mp3; sourceTree = "<group>"; };
		90E927F022DFF45F00F168BC /* WFCPrivacyTableViewController.h */ = {isa = PBXFileReference; fileEncoding = 4; lastKnownFileType = sourcecode.c.h; path = WFCPrivacyTableViewController.h; sourceTree = "<group>"; };
		90E927F122DFF45F00F168BC /* WFCPrivacyTableViewController.m */ = {isa = PBXFileReference; fileEncoding = 4; lastKnownFileType = sourcecode.c.objc; path = WFCPrivacyTableViewController.m; sourceTree = "<group>"; };
		90FF267C222AB34B0001D8AF /* PCLoginConfirmViewController.h */ = {isa = PBXFileReference; lastKnownFileType = sourcecode.c.h; path = PCLoginConfirmViewController.h; sourceTree = "<group>"; };
		90FF267D222AB34B0001D8AF /* PCLoginConfirmViewController.m */ = {isa = PBXFileReference; lastKnownFileType = sourcecode.c.objc; path = PCLoginConfirmViewController.m; sourceTree = "<group>"; };
/* End PBXFileReference section */

/* Begin PBXFrameworksBuildPhase section */
		2E1D1FF41FAF0AE600F4405D /* Frameworks */ = {
			isa = PBXFrameworksBuildPhase;
			buildActionMask = 2147483647;
			files = (
				905177522243CDA60020A2AC /* libc++.tbd in Frameworks */,
				2BDCE7E32336278E0004212B /* CallKit.framework in Frameworks */,
				905177502243CD9A0020A2AC /* libz.tbd in Frameworks */,
				905177542243CEA30020A2AC /* Bugly.framework in Frameworks */,
				9051774E2243CD8D0020A2AC /* Security.framework in Frameworks */,
				9051774C2243CD830020A2AC /* SystemConfiguration.framework in Frameworks */,
				2BDCE7E1233627450004212B /* PushKit.framework in Frameworks */,
				2F1B0DEE21E2161E00139CB1 /* CoreTelephony.framework in Frameworks */,
				2F1B0DD521E1E29400139CB1 /* AudioToolbox.framework in Frameworks */,
				2F1B0DCF21E19AF400139CB1 /* UserNotificationsUI.framework in Frameworks */,
				2F1B0DD021E19AF400139CB1 /* NotificationCenter.framework in Frameworks */,
				2F1B0DD121E19AF400139CB1 /* UserNotifications.framework in Frameworks */,
				2F550E29217F58AE00F56C26 /* WFChatUIKit.framework in Frameworks */,
				2E56F6CB20AAEBA00063B4D6 /* WFChatClient.framework in Frameworks */,
				2E56F6CA20AAEBA00063B4D6 /* WFAVEngineKit.framework in Frameworks */,
				6E616DA220AB3435002CB8BE /* WebRTC.framework in Frameworks */,
			);
			runOnlyForDeploymentPostprocessing = 0;
		};
/* End PBXFrameworksBuildPhase section */

/* Begin PBXGroup section */
		2BCEC530232E238E00D55E0D /* zh-Hans.lproj */ = {
			isa = PBXGroup;
			children = (
				2BCEC531232E238E00D55E0D /* wfc.strings */,
			);
			path = "zh-Hans.lproj";
			sourceTree = "<group>";
		};
		2BCEC533232E238E00D55E0D /* en.lproj */ = {
			isa = PBXGroup;
			children = (
				2BCEC534232E238E00D55E0D /* wfc.strings */,
			);
			path = en.lproj;
			sourceTree = "<group>";
		};
		2BF692E5232DBA840072036A /* Utilities */ = {
			isa = PBXGroup;
			children = (
				2E1D20AE1FAF125D00F4405D /* WFCBaseTabBarController.h */,
				2E1D20AF1FAF125D00F4405D /* WFCBaseTabBarController.m */,
				90FF267C222AB34B0001D8AF /* PCLoginConfirmViewController.h */,
				90FF267D222AB34B0001D8AF /* PCLoginConfirmViewController.m */,
				2F9E8600222BA6180076B82B /* GroupInfoViewController.h */,
				2F9E8601222BA6180076B82B /* GroupInfoViewController.m */,
			);
			path = Utilities;
			sourceTree = "<group>";
		};
		2E1D1FEE1FAF0AE600F4405D = {
			isa = PBXGroup;
			children = (
				2E1D1FF91FAF0AE600F4405D /* WildFireChat */,
				2EAC88E61FB0A0D6004B34D1 /* Frameworks */,
				2E1D1FF81FAF0AE600F4405D /* Products */,
			);
			sourceTree = "<group>";
		};
		2E1D1FF81FAF0AE600F4405D /* Products */ = {
			isa = PBXGroup;
			children = (
				2E1D1FF71FAF0AE600F4405D /* WildFireChat.app */,
			);
			name = Products;
			sourceTree = "<group>";
		};
		2E1D1FF91FAF0AE600F4405D /* WildFireChat */ = {
			isa = PBXGroup;
			children = (
				2F518FF0235ED77700FA3D58 /* AppService */,
				2F94F98422291577005BD461 /* LBXScan */,
				2FF07F4621F82E7200A78A62 /* Me */,
				2F7268FA21F7137C00E05F9C /* YBAttributeTextTapAction */,
				2F7268F621F7136600E05F9C /* Privacy */,
				2FEA5D6721F4AC8900280B23 /* Login */,
				2F143A5A217F60B600B3E38A /* MBProgressHUD */,
				2F143A46217F607300B3E38A /* AFNetworking */,
				2E1D20BC1FAF127100F4405D /* Discover */,
				2F1439FF217F5F3700B3E38A /* SDWebImage */,
				2BF692E5232DBA840072036A /* Utilities */,
				2E1D1FFA1FAF0AE600F4405D /* AppDelegate.h */,
				2E1D1FFB1FAF0AE600F4405D /* AppDelegate.m */,
				2E1D20BB1FAF127100F4405D /* WFCConfig.h */,
				2E1D20B11FAF127100F4405D /* WFCConfig.m */,
				903EBC942136313B00312C16 /* SupportFiles */,
			);
			path = WildFireChat;
			sourceTree = "<group>";
		};
		2E1D20BC1FAF127100F4405D /* Discover */ = {
			isa = PBXGroup;
			children = (
				909ACDB02130477900A64FE7 /* chatroom */,
				2E1D20BD1FAF127100F4405D /* DiscoverViewController.h */,
				2E1D20BE1FAF127100F4405D /* DiscoverViewController.m */,
			);
			path = Discover;
			sourceTree = "<group>";
		};
		2EAC88E61FB0A0D6004B34D1 /* Frameworks */ = {
			isa = PBXGroup;
			children = (
				2BDCE7E22336278E0004212B /* CallKit.framework */,
				2BDCE7E0233627450004212B /* PushKit.framework */,
				905177512243CDA60020A2AC /* libc++.tbd */,
				9051774F2243CD9A0020A2AC /* libz.tbd */,
				9051774D2243CD8D0020A2AC /* Security.framework */,
				9051774B2243CD830020A2AC /* SystemConfiguration.framework */,
				2F1B0DED21E2161E00139CB1 /* CoreTelephony.framework */,
				2F1B0DD421E1E29400139CB1 /* AudioToolbox.framework */,
				2F1B0DCD21E19AF400139CB1 /* NotificationCenter.framework */,
				2F1B0DCE21E19AF400139CB1 /* UserNotifications.framework */,
				2F1B0DCC21E19AF400139CB1 /* UserNotificationsUI.framework */,
				2F143A80217F86B900B3E38A /* WFChatUIKit.xcassets */,
				2BCEC533232E238E00D55E0D /* en.lproj */,
				2BCEC530232E238E00D55E0D /* zh-Hans.lproj */,
				905177532243CEA30020A2AC /* Bugly.framework */,
				2F143A6D217F7DA900B3E38A /* Emoj.plist */,
				2F25F746219ECFD100FFABF9 /* WFCUShareMessageView.xib */,
				2F143A6F217F7DA900B3E38A /* Stickers.bundle */,
				2F550E28217F58AE00F56C26 /* WFChatUIKit.framework */,
				6E616D9A20AB3435002CB8BE /* GoogleWebRTC */,
				2E56F6C820AAEB9F0063B4D6 /* WFAVEngineKit.framework */,
				2E56F6C920AAEB9F0063B4D6 /* WFChatClient.framework */,
			);
			path = Frameworks;
			sourceTree = "<group>";
		};
		2F1439FF217F5F3700B3E38A /* SDWebImage */ = {
			isa = PBXGroup;
			children = (
				2F143A02217F5F3700B3E38A /* NSImage+WebCache.h */,
				2F143A03217F5F3700B3E38A /* UIImageView+WebCache.h */,
				2F143A04217F5F3700B3E38A /* NSData+ImageContentType.h */,
				2F143A07217F5F3700B3E38A /* SDWebImageDownloaderOperation.h */,
				2F143A09217F5F3700B3E38A /* SDImageCache.h */,
				2F143A0A217F5F3700B3E38A /* SDImageCacheConfig.h */,
				2F143A0B217F5F3700B3E38A /* FLAnimatedImage */,
				2F143A15217F5F3700B3E38A /* UIButton+WebCache.h */,
				2F143A19217F5F3700B3E38A /* SDWebImage.h */,
				2F143A1A217F5F3700B3E38A /* UIView+WebCache.h */,
				2F143A1B217F5F3700B3E38A /* UIView+WebCacheOperation.h */,
				2F143A1C217F5F3700B3E38A /* MKAnnotationView+WebCache.h */,
				2F143A1D217F5F3700B3E38A /* UIImage+WebP.h */,
				2F143A1F217F5F3700B3E38A /* UIImageView+HighlightedWebCache.h */,
				2F143A21217F5F3700B3E38A /* SDWebImageDecoder.h */,
				2F143A22217F5F3700B3E38A /* SDWebImageManager.h */,
				2F143A25217F5F3700B3E38A /* SDWebImageOperation.h */,
				2F143A27217F5F3700B3E38A /* SDWebImageDownloader.h */,
				2F143A2B217F5F3700B3E38A /* SDWebImagePrefetcher.h */,
				2F143A2C217F5F3700B3E38A /* SDWebImageCompat.h */,
				2F143A2D217F5F3700B3E38A /* UIImage+MultiFormat.h */,
				2F143A2F217F5F3700B3E38A /* UIImage+GIF.h */,
			);
			name = SDWebImage;
			path = ../../wfuikit/WFChatUIKit/Vendor/SDWebImage;
			sourceTree = "<group>";
		};
		2F143A0B217F5F3700B3E38A /* FLAnimatedImage */ = {
			isa = PBXGroup;
			children = (
				2F143A0D217F5F3700B3E38A /* FLAnimatedImage */,
				2F143A12217F5F3700B3E38A /* FLAnimatedImageView+WebCache.h */,
			);
			path = FLAnimatedImage;
			sourceTree = "<group>";
		};
		2F143A0D217F5F3700B3E38A /* FLAnimatedImage */ = {
			isa = PBXGroup;
			children = (
				2F143A10217F5F3700B3E38A /* FLAnimatedImage.h */,
				2F143A11217F5F3700B3E38A /* FLAnimatedImageView.h */,
			);
			path = FLAnimatedImage;
			sourceTree = "<group>";
		};
		2F143A46217F607300B3E38A /* AFNetworking */ = {
			isa = PBXGroup;
			children = (
				2F143A47217F607300B3E38A /* AFSecurityPolicy.h */,
				2F143A48217F607300B3E38A /* AFNetworkReachabilityManager.h */,
				2F143A49217F607300B3E38A /* AFURLSessionManager.h */,
				2F143A4A217F607300B3E38A /* AFURLRequestSerialization.h */,
				2F143A4D217F607300B3E38A /* AFURLResponseSerialization.h */,
				2F143A50217F607300B3E38A /* AFNetworking.h */,
				2F143A53217F607300B3E38A /* AFHTTPSessionManager.h */,
			);
			name = AFNetworking;
			path = ../../wfuikit/WFChatUIKit/Vendor/AFNetworking;
			sourceTree = "<group>";
		};
		2F143A5A217F60B600B3E38A /* MBProgressHUD */ = {
			isa = PBXGroup;
			children = (
				2F143A5C217F60B600B3E38A /* MBProgressHUD.h */,
			);
			name = MBProgressHUD;
			path = ../../wfuikit/WFChatUIKit/Vendor/MBProgressHUD;
			sourceTree = "<group>";
		};
		2F518FF0235ED77700FA3D58 /* AppService */ = {
			isa = PBXGroup;
			children = (
				2F518FF1235ED7DD00FA3D58 /* AppService.h */,
				2F518FF2235ED7DD00FA3D58 /* AppService.m */,
			);
			path = AppService;
			sourceTree = "<group>";
		};
		2F7268F621F7136600E05F9C /* Privacy */ = {
			isa = PBXGroup;
			children = (
				2F7268F721F7136600E05F9C /* WFCPrivacyViewController.h */,
				2F7268F821F7136600E05F9C /* WFCPrivacyViewController.m */,
			);
			path = Privacy;
			sourceTree = "<group>";
		};
		2F7268FA21F7137C00E05F9C /* YBAttributeTextTapAction */ = {
			isa = PBXGroup;
			children = (
				2F7268FC21F714C900E05F9C /* UILabel+YBAttributeTextTapAction.h */,
				2F7268FB21F714C900E05F9C /* UILabel+YBAttributeTextTapAction.m */,
			);
			path = YBAttributeTextTapAction;
			sourceTree = "<group>";
		};
		2F94F98422291577005BD461 /* LBXScan */ = {
			isa = PBXGroup;
			children = (
				2F94FC7622291813005BD461 /* LBXAlertAction */,
				2F94FC8222291813005BD461 /* LBXPermissions */,
				2F94F98522291577005BD461 /* UI */,
				2F94F99322291577005BD461 /* LBXScanTypes.m */,
				2F94FB8722291577005BD461 /* LBXScanTypes.h */,
				9085427A2229FF160009713D /* StyleDIY.h */,
				908542792229FF160009713D /* StyleDIY.m */,
				9085427C222A00430009713D /* DIYScanViewController.h */,
				9085427D222A00430009713D /* DIYScanViewController.m */,
				9085427F222A04C80009713D /* QQLBXScanViewController.h */,
				90854280222A04C80009713D /* QQLBXScanViewController.m */,
				90854285222A06860009713D /* CreateBarCodeViewController.h */,
				90854286222A06870009713D /* CreateBarCodeViewController.m */,
				90854288222A07280009713D /* CornerRadiusCategory */,
				2F94FB8822291577005BD461 /* LBXNative */,
			);
			path = LBXScan;
			sourceTree = "<group>";
		};
		2F94F98522291577005BD461 /* UI */ = {
			isa = PBXGroup;
			children = (
				2F94F98622291577005BD461 /* CodeScan.bundle */,
				2F94F98722291577005BD461 /* LBXScanView.h */,
				2F94F98822291577005BD461 /* LBXScanNetAnimation.h */,
				2F94F98922291577005BD461 /* LBXScanViewController.m */,
				2F94F98A22291577005BD461 /* LBXScanViewStyle.m */,
				2F94F98B22291577005BD461 /* LBXScanVideoZoomView.m */,
				2F94F98C22291577005BD461 /* LBXScanLineAnimation.m */,
				2F94F98D22291577005BD461 /* LBXScanView.m */,
				2F94F98E22291577005BD461 /* LBXScanViewController.h */,
				2F94F98F22291577005BD461 /* LBXScanNetAnimation.m */,
				2F94F99022291577005BD461 /* LBXScanLineAnimation.h */,
				2F94F99122291577005BD461 /* LBXScanVideoZoomView.h */,
				2F94F99222291577005BD461 /* LBXScanViewStyle.h */,
			);
			path = UI;
			sourceTree = "<group>";
		};
		2F94FB8822291577005BD461 /* LBXNative */ = {
			isa = PBXGroup;
			children = (
				2F94FB8922291577005BD461 /* LBXScanNative.h */,
				2F94FB8A22291577005BD461 /* LBXScanNative.m */,
			);
			path = LBXNative;
			sourceTree = "<group>";
		};
		2F94FC7622291813005BD461 /* LBXAlertAction */ = {
			isa = PBXGroup;
			children = (
				2F94FC7722291813005BD461 /* LBXAlertAction.m */,
				2F94FC7822291813005BD461 /* LBXAlertAction.h */,
				2F94FC7922291813005BD461 /* Class */,
			);
			path = LBXAlertAction;
			sourceTree = "<group>";
		};
		2F94FC7922291813005BD461 /* Class */ = {
			isa = PBXGroup;
			children = (
				2F94FC7A22291813005BD461 /* UIActionSheet+LBXAlertAction.h */,
				2F94FC7B22291813005BD461 /* UIAlertController+supportedInterfaceOrientations.h */,
				2F94FC7C22291813005BD461 /* UIAlertView+LBXAlertAction.h */,
				2F94FC7D22291813005BD461 /* UIWindow+LBXHierarchy.m */,
				2F94FC7E22291813005BD461 /* UIActionSheet+LBXAlertAction.m */,
				2F94FC7F22291813005BD461 /* UIAlertView+LBXAlertAction.m */,
				2F94FC8022291813005BD461 /* UIAlertController+supportedInterfaceOrientations.m */,
				2F94FC8122291813005BD461 /* UIWindow+LBXHierarchy.h */,
			);
			path = Class;
			sourceTree = "<group>";
		};
		2F94FC8222291813005BD461 /* LBXPermissions */ = {
			isa = PBXGroup;
			children = (
				2F94FC8722291813005BD461 /* LBXPermission.h */,
				2F94FC8822291813005BD461 /* LBXPermissionCamera.h */,
				2F94FC8C22291813005BD461 /* LBXPermissionSetting.m */,
				2F94FC8D22291813005BD461 /* LBXPermissionPhotos.m */,
				2F94FC9322291813005BD461 /* LBXPermissionCamera.m */,
				2F94FC9422291813005BD461 /* LBXPermission.m */,
				2F94FC9522291813005BD461 /* LBXPermissionPhotos.h */,
				2F94FC9622291813005BD461 /* LBXPermissionSetting.h */,
			);
			path = LBXPermissions;
			sourceTree = "<group>";
		};
		2FEA5D6721F4AC8900280B23 /* Login */ = {
			isa = PBXGroup;
			children = (
				2FEA5D6821F4AC8900280B23 /* WFCLoginViewController.m */,
				2FEA5D6921F4AC8900280B23 /* WFCLoginViewController.h */,
			);
			path = Login;
			sourceTree = "<group>";
		};
		2FF07F4621F82E7200A78A62 /* Me */ = {
			isa = PBXGroup;
			children = (
				2FF07F4721F82E7200A78A62 /* WFCAboutViewController.m */,
				2FF07F4821F82E7200A78A62 /* WFCMeTableViewCell.h */,
				2FF07F4921F82E7200A78A62 /* WFCSettingTableViewController.m */,
				2FF07F4B21F82E7200A78A62 /* WFCMeTableViewController.h */,
				2FF07F4C21F82E7200A78A62 /* WFCSecurityTableViewController.h */,
				2FF07F5121F82E7200A78A62 /* WFCMeTableViewCell.m */,
				2FF07F5221F82E7200A78A62 /* WFCSettingTableViewController.h */,
				2FF07F5321F82E7200A78A62 /* WFCAboutViewController.h */,
				2FF07F5421F82E7200A78A62 /* WFCMeTableViewController.m */,
				2FF07F5521F82E7200A78A62 /* WFCSecurityTableViewController.m */,
				90E927F022DFF45F00F168BC /* WFCPrivacyTableViewController.h */,
				90E927F122DFF45F00F168BC /* WFCPrivacyTableViewController.m */,
			);
			path = Me;
			sourceTree = "<group>";
		};
		6E616D9A20AB3435002CB8BE /* GoogleWebRTC */ = {
			isa = PBXGroup;
			children = (
				6E616D9B20AB3435002CB8BE /* LICENSE.md */,
				6E616D9D20AB3435002CB8BE /* Frameworks */,
			);
			name = GoogleWebRTC;
			path = Frameworks/GoogleWebRTC;
			sourceTree = SOURCE_ROOT;
		};
		6E616D9D20AB3435002CB8BE /* Frameworks */ = {
			isa = PBXGroup;
			children = (
				6E616D9E20AB3435002CB8BE /* frameworks */,
			);
			path = Frameworks;
			sourceTree = "<group>";
		};
		6E616D9E20AB3435002CB8BE /* frameworks */ = {
			isa = PBXGroup;
			children = (
				6E616D9F20AB3435002CB8BE /* WebRTC.framework */,
			);
			path = frameworks;
			sourceTree = "<group>";
		};
		903EBC942136313B00312C16 /* SupportFiles */ = {
			isa = PBXGroup;
			children = (
				2E1D20001FAF0AE600F4405D /* Main.storyboard */,
				2E1D20031FAF0AE600F4405D /* Assets.xcassets */,
				2E1D20051FAF0AE600F4405D /* LaunchScreen.storyboard */,
				2EF30A58201995630060992B /* WildFireChat.entitlements */,
				2E1D20081FAF0AE600F4405D /* Info.plist */,
				2E1D20091FAF0AE600F4405D /* main.m */,
				2F1B0DD221E1B38100139CB1 /* ring.caf */,
				90C1D90F208C12A900E923F4 /* foreman.mp4 */,
				90C1D910208C12A900E923F4 /* ring.mp3 */,
				2F623A4F22DCBD3E00CB3C65 /* Album.xcassets */,
				2FBF915F232F6A47003521FF /* InfoPlist.strings */,
				2F78FA0323371E150007C5CE /* WFChat-Prefix-Header.pch */,
			);
			name = SupportFiles;
			sourceTree = "<group>";
		};
		90854288222A07280009713D /* CornerRadiusCategory */ = {
			isa = PBXGroup;
			children = (
				90854289222A07280009713D /* UIImageView+CornerRadius.h */,
				9085428A222A07280009713D /* UIImageView+CornerRadius.m */,
			);
			path = CornerRadiusCategory;
			sourceTree = "<group>";
		};
		909ACDB02130477900A64FE7 /* chatroom */ = {
			isa = PBXGroup;
			children = (
				909ACDAD2130473100A64FE7 /* ChatroomListViewController.h */,
				909ACDAE2130473100A64FE7 /* ChatroomListViewController.m */,
				909ACDB121304CD900A64FE7 /* ChatroomItemCell.h */,
				909ACDB221304CD900A64FE7 /* ChatroomItemCell.m */,
			);
			path = chatroom;
			sourceTree = "<group>";
		};
/* End PBXGroup section */

/* Begin PBXNativeTarget section */
		2E1D1FF61FAF0AE600F4405D /* WildFireChat */ = {
			isa = PBXNativeTarget;
			buildConfigurationList = 2E1D200D1FAF0AE600F4405D /* Build configuration list for PBXNativeTarget "WildFireChat" */;
			buildPhases = (
				2E1D1FF31FAF0AE600F4405D /* Sources */,
				2E1D1FF41FAF0AE600F4405D /* Frameworks */,
				2E1D1FF51FAF0AE600F4405D /* Resources */,
				90C1D90A208C104400E923F4 /* Embed Frameworks */,
			);
			buildRules = (
			);
			dependencies = (
			);
			name = WildFireChat;
			productName = WildFireChat;
			productReference = 2E1D1FF71FAF0AE600F4405D /* WildFireChat.app */;
			productType = "com.apple.product-type.application";
		};
/* End PBXNativeTarget section */

/* Begin PBXProject section */
		2E1D1FEF1FAF0AE600F4405D /* Project object */ = {
			isa = PBXProject;
			attributes = {
				LastUpgradeCheck = 1010;
				ORGANIZATIONNAME = WildFireChat;
				TargetAttributes = {
					2E1D1FF61FAF0AE600F4405D = {
						CreatedOnToolsVersion = 9.1;
						ProvisioningStyle = Automatic;
						SystemCapabilities = {
							com.apple.BackgroundModes = {
								enabled = 1;
							};
							com.apple.HomeKit = {
								enabled = 0;
							};
							com.apple.Push = {
								enabled = 1;
							};
						};
					};
				};
			};
			buildConfigurationList = 2E1D1FF21FAF0AE600F4405D /* Build configuration list for PBXProject "WildFireChat" */;
			compatibilityVersion = "Xcode 8.0";
			developmentRegion = en;
			hasScannedForEncodings = 0;
			knownRegions = (
				en,
				Base,
				"zh-Hans",
			);
			mainGroup = 2E1D1FEE1FAF0AE600F4405D;
			productRefGroup = 2E1D1FF81FAF0AE600F4405D /* Products */;
			projectDirPath = "";
			projectRoot = "";
			targets = (
				2E1D1FF61FAF0AE600F4405D /* WildFireChat */,
			);
		};
/* End PBXProject section */

/* Begin PBXResourcesBuildPhase section */
		2E1D1FF51FAF0AE600F4405D /* Resources */ = {
			isa = PBXResourcesBuildPhase;
			buildActionMask = 2147483647;
			files = (
				2E1D20071FAF0AE600F4405D /* LaunchScreen.storyboard in Resources */,
				2FBF915D232F6A47003521FF /* InfoPlist.strings in Resources */,
				2BCEC537232E238E00D55E0D /* wfc.strings in Resources */,
				2F143A72217F7DA900B3E38A /* Stickers.bundle in Resources */,
				6E616DA020AB3435002CB8BE /* LICENSE.md in Resources */,
				2F1B0DD321E1B38100139CB1 /* ring.caf in Resources */,
				2F143A70217F7DA900B3E38A /* Emoj.plist in Resources */,
				2E1D20041FAF0AE600F4405D /* Assets.xcassets in Resources */,
				2E1D20021FAF0AE600F4405D /* Main.storyboard in Resources */,
				2F94FB8B22291577005BD461 /* CodeScan.bundle in Resources */,
				2F623A5022DCBD3E00CB3C65 /* Album.xcassets in Resources */,
				2BCEC536232E238E00D55E0D /* wfc.strings in Resources */,
				90C1D911208C12A900E923F4 /* foreman.mp4 in Resources */,
				2F143A81217F86BA00B3E38A /* WFChatUIKit.xcassets in Resources */,
				90C1D912208C12A900E923F4 /* ring.mp3 in Resources */,
				2F25F747219ECFD100FFABF9 /* WFCUShareMessageView.xib in Resources */,
			);
			runOnlyForDeploymentPostprocessing = 0;
		};
/* End PBXResourcesBuildPhase section */

/* Begin PBXSourcesBuildPhase section */
		2E1D1FF31FAF0AE600F4405D /* Sources */ = {
			isa = PBXSourcesBuildPhase;
			buildActionMask = 2147483647;
			files = (
				2F9E8602222BA6180076B82B /* GroupInfoViewController.m in Sources */,
				2FEA5D6A21F4AC8900280B23 /* WFCLoginViewController.m in Sources */,
				2F94FB8E22291577005BD461 /* LBXScanVideoZoomView.m in Sources */,
				2F94FC7222291578005BD461 /* LBXScanNative.m in Sources */,
				2F518FF3235ED7DD00FA3D58 /* AppService.m in Sources */,
				2FF07F5D21F82E7200A78A62 /* WFCMeTableViewCell.m in Sources */,
				2E1D20D41FAF127100F4405D /* WFCConfig.m in Sources */,
				2F94FC9B22291813005BD461 /* UIActionSheet+LBXAlertAction.m in Sources */,
				2FF07F5E21F82E7200A78A62 /* WFCMeTableViewController.m in Sources */,
				2F94FB8D22291577005BD461 /* LBXScanViewStyle.m in Sources */,
				2F94FB9022291577005BD461 /* LBXScanView.m in Sources */,
				2FF07F5F21F82E7200A78A62 /* WFCSecurityTableViewController.m in Sources */,
				2E1D200A1FAF0AE600F4405D /* main.m in Sources */,
				9085427B2229FF160009713D /* StyleDIY.m in Sources */,
				2F94FB9222291577005BD461 /* LBXScanTypes.m in Sources */,
				2F94FC9A22291813005BD461 /* UIWindow+LBXHierarchy.m in Sources */,
				2F7268FD21F714C900E05F9C /* UILabel+YBAttributeTextTapAction.m in Sources */,
				2F94FC9922291813005BD461 /* LBXAlertAction.m in Sources */,
				2E1D20D91FAF127100F4405D /* DiscoverViewController.m in Sources */,
				2E1D20B01FAF125D00F4405D /* WFCBaseTabBarController.m in Sources */,
				2FF07F5A21F82E7200A78A62 /* WFCSettingTableViewController.m in Sources */,
				9085427E222A00430009713D /* DIYScanViewController.m in Sources */,
				2F94FCA422291813005BD461 /* LBXPermissionPhotos.m in Sources */,
				90854281222A04C80009713D /* QQLBXScanViewController.m in Sources */,
				90E927F222DFF45F00F168BC /* WFCPrivacyTableViewController.m in Sources */,
				2F94FCA722291813005BD461 /* LBXPermissionCamera.m in Sources */,
				2F94FC9C22291813005BD461 /* UIAlertView+LBXAlertAction.m in Sources */,
				909ACDAF2130473100A64FE7 /* ChatroomListViewController.m in Sources */,
				2F7268F921F7136600E05F9C /* WFCPrivacyViewController.m in Sources */,
				2F94FB8C22291577005BD461 /* LBXScanViewController.m in Sources */,
				2F94FB8F22291577005BD461 /* LBXScanLineAnimation.m in Sources */,
				2F94FCA322291813005BD461 /* LBXPermissionSetting.m in Sources */,
				90854287222A06870009713D /* CreateBarCodeViewController.m in Sources */,
				2FF07F5921F82E7200A78A62 /* WFCAboutViewController.m in Sources */,
				2F94FCA822291813005BD461 /* LBXPermission.m in Sources */,
				2E1D1FFC1FAF0AE600F4405D /* AppDelegate.m in Sources */,
				2F94FC9D22291813005BD461 /* UIAlertController+supportedInterfaceOrientations.m in Sources */,
				2F94FB9122291577005BD461 /* LBXScanNetAnimation.m in Sources */,
				90FF267E222AB34B0001D8AF /* PCLoginConfirmViewController.m in Sources */,
				909ACDB321304CD900A64FE7 /* ChatroomItemCell.m in Sources */,
				9085428B222A07280009713D /* UIImageView+CornerRadius.m in Sources */,
			);
			runOnlyForDeploymentPostprocessing = 0;
		};
/* End PBXSourcesBuildPhase section */

/* Begin PBXVariantGroup section */
		2BCEC531232E238E00D55E0D /* wfc.strings */ = {
			isa = PBXVariantGroup;
			children = (
				2BCEC532232E238E00D55E0D /* zh-Hans */,
			);
			name = wfc.strings;
			sourceTree = "<group>";
		};
		2BCEC534232E238E00D55E0D /* wfc.strings */ = {
			isa = PBXVariantGroup;
			children = (
				2BCEC535232E238E00D55E0D /* en */,
			);
			name = wfc.strings;
			sourceTree = "<group>";
		};
		2E1D20001FAF0AE600F4405D /* Main.storyboard */ = {
			isa = PBXVariantGroup;
			children = (
				2E1D20011FAF0AE600F4405D /* Base */,
			);
			name = Main.storyboard;
			sourceTree = "<group>";
		};
		2E1D20051FAF0AE600F4405D /* LaunchScreen.storyboard */ = {
			isa = PBXVariantGroup;
			children = (
				2E1D20061FAF0AE600F4405D /* Base */,
			);
			name = LaunchScreen.storyboard;
			sourceTree = "<group>";
		};
		2FBF915F232F6A47003521FF /* InfoPlist.strings */ = {
			isa = PBXVariantGroup;
			children = (
				2FBF915E232F6A47003521FF /* zh-Hans */,
				2FBF9160232F6A5E003521FF /* en */,
			);
			name = InfoPlist.strings;
			sourceTree = "<group>";
		};
/* End PBXVariantGroup section */

/* Begin XCBuildConfiguration section */
		2E1D200B1FAF0AE600F4405D /* Debug */ = {
			isa = XCBuildConfiguration;
			buildSettings = {
				ALWAYS_SEARCH_USER_PATHS = NO;
				CLANG_ANALYZER_NONNULL = YES;
				CLANG_ANALYZER_NUMBER_OBJECT_CONVERSION = YES_AGGRESSIVE;
				CLANG_CXX_LANGUAGE_STANDARD = "gnu++14";
				CLANG_CXX_LIBRARY = "libc++";
				CLANG_ENABLE_MODULES = YES;
				CLANG_ENABLE_OBJC_ARC = YES;
				CLANG_WARN_BLOCK_CAPTURE_AUTORELEASING = YES;
				CLANG_WARN_BOOL_CONVERSION = YES;
				CLANG_WARN_COMMA = YES;
				CLANG_WARN_CONSTANT_CONVERSION = YES;
				CLANG_WARN_DEPRECATED_OBJC_IMPLEMENTATIONS = YES;
				CLANG_WARN_DIRECT_OBJC_ISA_USAGE = YES_ERROR;
				CLANG_WARN_DOCUMENTATION_COMMENTS = YES;
				CLANG_WARN_EMPTY_BODY = YES;
				CLANG_WARN_ENUM_CONVERSION = YES;
				CLANG_WARN_INFINITE_RECURSION = YES;
				CLANG_WARN_INT_CONVERSION = YES;
				CLANG_WARN_NON_LITERAL_NULL_CONVERSION = YES;
				CLANG_WARN_OBJC_IMPLICIT_RETAIN_SELF = YES;
				CLANG_WARN_OBJC_LITERAL_CONVERSION = YES;
				CLANG_WARN_OBJC_ROOT_CLASS = YES_ERROR;
				CLANG_WARN_RANGE_LOOP_ANALYSIS = YES;
				CLANG_WARN_STRICT_PROTOTYPES = YES;
				CLANG_WARN_SUSPICIOUS_MOVE = YES;
				CLANG_WARN_UNGUARDED_AVAILABILITY = YES_AGGRESSIVE;
				CLANG_WARN_UNREACHABLE_CODE = YES;
				CLANG_WARN__DUPLICATE_METHOD_MATCH = YES;
				CODE_SIGN_IDENTITY = "iPhone Developer: FengYun Sun (U2266X7K8M)";
				COPY_PHASE_STRIP = NO;
				DEBUG_INFORMATION_FORMAT = dwarf;
				ENABLE_STRICT_OBJC_MSGSEND = YES;
				ENABLE_TESTABILITY = YES;
				GCC_C_LANGUAGE_STANDARD = gnu11;
				GCC_DYNAMIC_NO_PIC = NO;
				GCC_NO_COMMON_BLOCKS = YES;
				GCC_OPTIMIZATION_LEVEL = 0;
				GCC_PREPROCESSOR_DEFINITIONS = (
					"DEBUG=1",
					"$(inherited)",
				);
				GCC_WARN_64_TO_32_BIT_CONVERSION = YES;
				GCC_WARN_ABOUT_RETURN_TYPE = YES_ERROR;
				GCC_WARN_UNDECLARED_SELECTOR = YES;
				GCC_WARN_UNINITIALIZED_AUTOS = YES_AGGRESSIVE;
				GCC_WARN_UNUSED_FUNCTION = YES;
				GCC_WARN_UNUSED_VARIABLE = YES;
				IPHONEOS_DEPLOYMENT_TARGET = 9.0;
				MTL_ENABLE_DEBUG_INFO = YES;
				ONLY_ACTIVE_ARCH = YES;
				SDKROOT = iphoneos;
			};
			name = Debug;
		};
		2E1D200C1FAF0AE600F4405D /* Release */ = {
			isa = XCBuildConfiguration;
			buildSettings = {
				ALWAYS_SEARCH_USER_PATHS = NO;
				CLANG_ANALYZER_NONNULL = YES;
				CLANG_ANALYZER_NUMBER_OBJECT_CONVERSION = YES_AGGRESSIVE;
				CLANG_CXX_LANGUAGE_STANDARD = "gnu++14";
				CLANG_CXX_LIBRARY = "libc++";
				CLANG_ENABLE_MODULES = YES;
				CLANG_ENABLE_OBJC_ARC = YES;
				CLANG_WARN_BLOCK_CAPTURE_AUTORELEASING = YES;
				CLANG_WARN_BOOL_CONVERSION = YES;
				CLANG_WARN_COMMA = YES;
				CLANG_WARN_CONSTANT_CONVERSION = YES;
				CLANG_WARN_DEPRECATED_OBJC_IMPLEMENTATIONS = YES;
				CLANG_WARN_DIRECT_OBJC_ISA_USAGE = YES_ERROR;
				CLANG_WARN_DOCUMENTATION_COMMENTS = YES;
				CLANG_WARN_EMPTY_BODY = YES;
				CLANG_WARN_ENUM_CONVERSION = YES;
				CLANG_WARN_INFINITE_RECURSION = YES;
				CLANG_WARN_INT_CONVERSION = YES;
				CLANG_WARN_NON_LITERAL_NULL_CONVERSION = YES;
				CLANG_WARN_OBJC_IMPLICIT_RETAIN_SELF = YES;
				CLANG_WARN_OBJC_LITERAL_CONVERSION = YES;
				CLANG_WARN_OBJC_ROOT_CLASS = YES_ERROR;
				CLANG_WARN_RANGE_LOOP_ANALYSIS = YES;
				CLANG_WARN_STRICT_PROTOTYPES = YES;
				CLANG_WARN_SUSPICIOUS_MOVE = YES;
				CLANG_WARN_UNGUARDED_AVAILABILITY = YES_AGGRESSIVE;
				CLANG_WARN_UNREACHABLE_CODE = YES;
				CLANG_WARN__DUPLICATE_METHOD_MATCH = YES;
				CODE_SIGN_IDENTITY = "iPhone Distribution: FengYun Sun (ZTJABWRJ5T)";
				COPY_PHASE_STRIP = NO;
				DEBUG_INFORMATION_FORMAT = "dwarf-with-dsym";
				ENABLE_NS_ASSERTIONS = NO;
				ENABLE_STRICT_OBJC_MSGSEND = YES;
				GCC_C_LANGUAGE_STANDARD = gnu11;
				GCC_NO_COMMON_BLOCKS = YES;
				GCC_WARN_64_TO_32_BIT_CONVERSION = YES;
				GCC_WARN_ABOUT_RETURN_TYPE = YES_ERROR;
				GCC_WARN_UNDECLARED_SELECTOR = YES;
				GCC_WARN_UNINITIALIZED_AUTOS = YES_AGGRESSIVE;
				GCC_WARN_UNUSED_FUNCTION = YES;
				GCC_WARN_UNUSED_VARIABLE = YES;
				IPHONEOS_DEPLOYMENT_TARGET = 9.0;
				MTL_ENABLE_DEBUG_INFO = NO;
				SDKROOT = iphoneos;
				VALIDATE_PRODUCT = YES;
			};
			name = Release;
		};
		2E1D200E1FAF0AE600F4405D /* Debug */ = {
			isa = XCBuildConfiguration;
			buildSettings = {
				ASSETCATALOG_COMPILER_APPICON_NAME = AppIcon;
				ASSETCATALOG_COMPILER_LAUNCHIMAGE_NAME = LaunchImage;
				CODE_SIGN_ENTITLEMENTS = WildFireChat/WildFireChat.entitlements;
				CODE_SIGN_IDENTITY = "Apple Development";
				CODE_SIGN_STYLE = Automatic;
				CURRENT_PROJECT_VERSION = 21;
				DEVELOPMENT_TEAM = ZTJABWRJ5T;
				ENABLE_BITCODE = NO;
				FRAMEWORK_SEARCH_PATHS = (
					"$(inherited)",
					"$(PROJECT_DIR)/WildFireChat/framework",
					"$(PROJECT_DIR)/framework",
					"$(PROJECT_DIR)/Frameworks",
					"$(PROJECT_DIR)/WildFireChat/AV/GoogleWebRTC/Frameworks/frameworks",
					"$(PROJECT_DIR)/Frameworks/GoogleWebRTC/Frameworks/frameworks",
					"$(PROJECT_DIR)/WildFireChat",
				);
				GCC_PREFIX_HEADER = "$(SRCROOT)/WildFireChat/WFChat-Prefix-Header.pch";
				INFOPLIST_FILE = WildFireChat/Info.plist;
				IPHONEOS_DEPLOYMENT_TARGET = 8.0;
				LD_RUNPATH_SEARCH_PATHS = "$(inherited) @executable_path/Frameworks";
				MARKETING_VERSION = 1.0.15;
				OTHER_LDFLAGS = "-ObjC";
				PRODUCT_BUNDLE_IDENTIFIER = cn.wildfirechat.messanger;
				PRODUCT_NAME = "$(TARGET_NAME)";
				PROVISIONING_PROFILE = "";
				PROVISIONING_PROFILE_SPECIFIER = "";
				TARGETED_DEVICE_FAMILY = 1;
				VALID_ARCHS = "arm64 arm64e";
			};
			name = Debug;
		};
		2E1D200F1FAF0AE600F4405D /* Release */ = {
			isa = XCBuildConfiguration;
			buildSettings = {
				ASSETCATALOG_COMPILER_APPICON_NAME = AppIcon;
				ASSETCATALOG_COMPILER_LAUNCHIMAGE_NAME = LaunchImage;
				CODE_SIGN_ENTITLEMENTS = WildFireChat/WildFireChat.entitlements;
				CODE_SIGN_IDENTITY = "Apple Development";
				"CODE_SIGN_IDENTITY[sdk=iphoneos*]" = "iPhone Distribution";
				CODE_SIGN_STYLE = Manual;
				CURRENT_PROJECT_VERSION = 21;
				DEVELOPMENT_TEAM = ZTJABWRJ5T;
				ENABLE_BITCODE = NO;
				FRAMEWORK_SEARCH_PATHS = (
					"$(inherited)",
					"$(PROJECT_DIR)/WildFireChat/framework",
					"$(PROJECT_DIR)/framework",
					"$(PROJECT_DIR)/Frameworks",
					"$(PROJECT_DIR)/WildFireChat/AV/GoogleWebRTC/Frameworks/frameworks",
					"$(PROJECT_DIR)/Frameworks/GoogleWebRTC/Frameworks/frameworks",
					"$(PROJECT_DIR)/WildFireChat",
				);
				GCC_PREFIX_HEADER = "$(SRCROOT)/WildFireChat/WFChat-Prefix-Header.pch";
				INFOPLIST_FILE = WildFireChat/Info.plist;
				IPHONEOS_DEPLOYMENT_TARGET = 8.0;
				LD_RUNPATH_SEARCH_PATHS = "$(inherited) @executable_path/Frameworks";
				MARKETING_VERSION = 1.0.15;
				OTHER_LDFLAGS = "-ObjC";
				PRODUCT_BUNDLE_IDENTIFIER = cn.wildfirechat.messanger;
				PRODUCT_NAME = "$(TARGET_NAME)";
				PROVISIONING_PROFILE = "";
				PROVISIONING_PROFILE_SPECIFIER = wildfirechat_distribution;
				TARGETED_DEVICE_FAMILY = 1;
				VALID_ARCHS = "arm64 arm64e";
			};
			name = Release;
		};
/* End XCBuildConfiguration section */

/* Begin XCConfigurationList section */
		2E1D1FF21FAF0AE600F4405D /* Build configuration list for PBXProject "WildFireChat" */ = {
			isa = XCConfigurationList;
			buildConfigurations = (
				2E1D200B1FAF0AE600F4405D /* Debug */,
				2E1D200C1FAF0AE600F4405D /* Release */,
			);
			defaultConfigurationIsVisible = 0;
			defaultConfigurationName = Release;
		};
		2E1D200D1FAF0AE600F4405D /* Build configuration list for PBXNativeTarget "WildFireChat" */ = {
			isa = XCConfigurationList;
			buildConfigurations = (
				2E1D200E1FAF0AE600F4405D /* Debug */,
				2E1D200F1FAF0AE600F4405D /* Release */,
			);
			defaultConfigurationIsVisible = 0;
			defaultConfigurationName = Release;
		};
/* End XCConfigurationList section */
	};
	rootObject = 2E1D1FEF1FAF0AE600F4405D /* Project object */;
}
